
Microsoft Visual Studio Solution File, Format Version 12.00
# Visual Studio Version 17
VisualStudioVersion = 17.0.31903.59
MinimumVisualStudioVersion = 10.0.40219.1
Project("{FAE04EC0-301F-11D3-BF4B-00C04F79EFBC}") = "MyScent.ScentEngine", "src\backend\MyScent.ScentEngine\MyScent.ScentEngine.csproj", "{B50C2E04-18DD-49DA-A691-4B9083486D6D}"
EndProject
Project("{FAE04EC0-301F-11D3-BF4B-00C04F79EFBC}") = "MyScent.Formulas", "src\backend\MyScent.Formulas\MyScent.Formulas.csproj", "{6F9419C5-53E4-4EEB-B764-D5FA05A2B61A}"
EndProject
Project("{FAE04EC0-301F-11D3-BF4B-00C04F79EFBC}") = "MyScent.Infrastructure", "src\backend\MyScent.Infrastructure\MyScent.Infrastructure.csproj", "{C845012E-CA1A-4F74-8513-22A56FAD929E}"
EndProject
Project("{FAE04EC0-301F-11D3-BF4B-00C04F79EFBC}") = "MyScent.Api", "src\backend\MyScent.Api\MyScent.Api.csproj", "{3AA78A63-F54E-436B-B2D1-BE22672C1747}"
EndProject
Project("{FAE04EC0-301F-11D3-BF4B-00C04F79EFBC}") = "MyScent.SpecSmokeTests", "tests\MyScent.SpecSmokeTests\MyScent.SpecSmokeTests.csproj", "{0D346BDD-0C7E-4978-919C-147E94E75548}"
EndProject
Global
	GlobalSection(SolutionConfigurationPlatforms) = preSolution
		Debug|Any CPU = Debug|Any CPU
		Release|Any CPU = Release|Any CPU
	EndGlobalSection
	GlobalSection(ProjectConfigurationPlatforms) = postSolution
		{B50C2E04-18DD-49DA-A691-4B9083486D6D}.Debug|Any CPU.ActiveCfg = Debug|Any CPU
		{B50C2E04-18DD-49DA-A691-4B9083486D6D}.Debug|Any CPU.Build.0 = Debug|Any CPU
		{B50C2E04-18DD-49DA-A691-4B9083486D6D}.Release|Any CPU.ActiveCfg = Release|Any CPU
		{B50C2E04-18DD-49DA-A691-4B9083486D6D}.Release|Any CPU.Build.0 = Release|Any CPU
		{6F9419C5-53E4-4EEB-B764-D5FA05A2B61A}.Debug|Any CPU.ActiveCfg = Debug|Any CPU
		{6F9419C5-53E4-4EEB-B764-D5FA05A2B61A}.Debug|Any CPU.Build.0 = Debug|Any CPU
		{6F9419C5-53E4-4EEB-B764-D5FA05A2B61A}.Release|Any CPU.ActiveCfg = Release|Any CPU
		{6F9419C5-53E4-4EEB-B764-D5FA05A2B61A}.Release|Any CPU.Build.0 = Release|Any CPU
		{C845012E-CA1A-4F74-8513-22A56FAD929E}.Debug|Any CPU.ActiveCfg = Debug|Any CPU
		{C845012E-CA1A-4F74-8513-22A56FAD929E}.Debug|Any CPU.Build.0 = Debug|Any CPU
		{C845012E-CA1A-4F74-8513-22A56FAD929E}.Release|Any CPU.ActiveCfg = Release|Any CPU
		{C845012E-CA1A-4F74-8513-22A56FAD929E}.Release|Any CPU.Build.0 = Release|Any CPU
		{3AA78A63-F54E-436B-B2D1-BE22672C1747}.Debug|Any CPU.ActiveCfg = Debug|Any CPU
		{3AA78A63-F54E-436B-B2D1-BE22672C1747}.Debug|Any CPU.Build.0 = Debug|Any CPU
		{3AA78A63-F54E-436B-B2D1-BE22672C1747}.Release|Any CPU.ActiveCfg = Release|Any CPU
		{3AA78A63-F54E-436B-B2D1-BE22672C1747}.Release|Any CPU.Build.0 = Release|Any CPU
		{0D346BDD-0C7E-4978-919C-147E94E75548}.Debug|Any CPU.ActiveCfg = Debug|Any CPU
		{0D346BDD-0C7E-4978-919C-147E94E75548}.Debug|Any CPU.Build.0 = Debug|Any CPU
		{0D346BDD-0C7E-4978-919C-147E94E75548}.Release|Any CPU.ActiveCfg = Release|Any CPU
		{0D346BDD-0C7E-4978-919C-147E94E75548}.Release|Any CPU.Build.0 = Release|Any CPU
	EndGlobalSection
	GlobalSection(SolutionProperties) = preSolution
		HideSolutionNode = FALSE
	EndGlobalSection
EndGlobal
